// !$*UTF8*$!
{
	archiveVersion = 1;
	classes = {
	};
	objectVersion = 50;
	objects = {

/* Begin PBXBuildFile section */
		FC614DEA25EE6F9F00286547 /* AppDelegate.swift in Sources */ = {isa = PBXBuildFile; fileRef = FC614DE925EE6F9F00286547 /* AppDelegate.swift */; };
		FC614DEC25EE6F9F00286547 /* SceneDelegate.swift in Sources */ = {isa = PBXBuildFile; fileRef = FC614DEB25EE6F9F00286547 /* SceneDelegate.swift */; };
		FC614DEE25EE6F9F00286547 /* ViewController.swift in Sources */ = {isa = PBXBuildFile; fileRef = FC614DED25EE6F9F00286547 /* ViewController.swift */; };
		FC614DF125EE6F9F00286547 /* Main.storyboard in Resources */ = {isa = PBXBuildFile; fileRef = FC614DEF25EE6F9F00286547 /* Main.storyboard */; };
		FC614DF325EE6FA100286547 /* Assets.xcassets in Resources */ = {isa = PBXBuildFile; fileRef = FC614DF225EE6FA100286547 /* Assets.xcassets */; };
		FC614DF625EE6FA100286547 /* LaunchScreen.storyboard in Resources */ = {isa = PBXBuildFile; fileRef = FC614DF425EE6FA100286547 /* LaunchScreen.storyboard */; };
		FC614E0E25EE70D300286547 /* Messages.storyboard in Resources */ = {isa = PBXBuildFile; fileRef = FC614E0025EE70D300286547 /* Messages.storyboard */; };
		FC614E0F25EE70D300286547 /* MessagesVC.swift in Sources */ = {isa = PBXBuildFile; fileRef = FC614E0125EE70D300286547 /* MessagesVC.swift */; };
		FC614E1025EE70D300286547 /* ContactsVC.swift in Sources */ = {isa = PBXBuildFile; fileRef = FC614E0325EE70D300286547 /* ContactsVC.swift */; };
		FC614E1125EE70D300286547 /* Contacts.storyboard in Resources */ = {isa = PBXBuildFile; fileRef = FC614E0425EE70D300286547 /* Contacts.storyboard */; };
		FC614E1225EE70D300286547 /* AddVC.swift in Sources */ = {isa = PBXBuildFile; fileRef = FC614E0625EE70D300286547 /* AddVC.swift */; };
		FC614E1325EE70D300286547 /* Add.storyboard in Resources */ = {isa = PBXBuildFile; fileRef = FC614E0725EE70D300286547 /* Add.storyboard */; };
		FC614E1425EE70D300286547 /* Wallet.storyboard in Resources */ = {isa = PBXBuildFile; fileRef = FC614E0925EE70D300286547 /* Wallet.storyboard */; };
		FC614E1525EE70D300286547 /* WalletVC.swift in Sources */ = {isa = PBXBuildFile; fileRef = FC614E0A25EE70D300286547 /* WalletVC.swift */; };
		FC614E1625EE70D300286547 /* Play.storyboard in Resources */ = {isa = PBXBuildFile; fileRef = FC614E0C25EE70D300286547 /* Play.storyboard */; };
		FC614E1725EE70D300286547 /* PlayVC.swift in Sources */ = {isa = PBXBuildFile; fileRef = FC614E0D25EE70D300286547 /* PlayVC.swift */; };
/* End PBXBuildFile section */

/* Begin PBXFileReference section */
		FC614DE625EE6F9F00286547 /* KOOEEMessenger.app */ = {isa = PBXFileReference; explicitFileType = wrapper.application; includeInIndex = 0; path = KOOEEMessenger.app; sourceTree = BUILT_PRODUCTS_DIR; };
		FC614DE925EE6F9F00286547 /* AppDelegate.swift */ = {isa = PBXFileReference; lastKnownFileType = sourcecode.swift; path = AppDelegate.swift; sourceTree = "<group>"; };
		FC614DEB25EE6F9F00286547 /* SceneDelegate.swift */ = {isa = PBXFileReference; lastKnownFileType = sourcecode.swift; path = SceneDelegate.swift; sourceTree = "<group>"; };
		FC614DED25EE6F9F00286547 /* ViewController.swift */ = {isa = PBXFileReference; lastKnownFileType = sourcecode.swift; path = ViewController.swift; sourceTree = "<group>"; };
		FC614DF025EE6F9F00286547 /* Base */ = {isa = PBXFileReference; lastKnownFileType = file.storyboard; name = Base; path = Base.lproj/Main.storyboard; sourceTree = "<group>"; };
		FC614DF225EE6FA100286547 /* Assets.xcassets */ = {isa = PBXFileReference; lastKnownFileType = folder.assetcatalog; path = Assets.xcassets; sourceTree = "<group>"; };
		FC614DF525EE6FA100286547 /* Base */ = {isa = PBXFileReference; lastKnownFileType = file.storyboard; name = Base; path = Base.lproj/LaunchScreen.storyboard; sourceTree = "<group>"; };
		FC614DF725EE6FA100286547 /* Info.plist */ = {isa = PBXFileReference; lastKnownFileType = text.plist.xml; path = Info.plist; sourceTree = "<group>"; };
		FC614E0025EE70D300286547 /* Messages.storyboard */ = {isa = PBXFileReference; fileEncoding = 4; lastKnownFileType = file.storyboard; path = Messages.storyboard; sourceTree = "<group>"; };
		FC614E0125EE70D300286547 /* MessagesVC.swift */ = {isa = PBXFileReference; fileEncoding = 4; lastKnownFileType = sourcecode.swift; path = MessagesVC.swift; sourceTree = "<group>"; };
		FC614E0325EE70D300286547 /* ContactsVC.swift */ = {isa = PBXFileReference; fileEncoding = 4; lastKnownFileType = sourcecode.swift; path = ContactsVC.swift; sourceTree = "<group>"; };
		FC614E0425EE70D300286547 /* Contacts.storyboard */ = {isa = PBXFileReference; fileEncoding = 4; lastKnownFileType = file.storyboard; path = Contacts.storyboard; sourceTree = "<group>"; };
		FC614E0625EE70D300286547 /* AddVC.swift */ = {isa = PBXFileReference; fileEncoding = 4; lastKnownFileType = sourcecode.swift; path = AddVC.swift; sourceTree = "<group>"; };
		FC614E0725EE70D300286547 /* Add.storyboard */ = {isa = PBXFileReference; fileEncoding = 4; lastKnownFileType = file.storyboard; path = Add.storyboard; sourceTree = "<group>"; };
		FC614E0925EE70D300286547 /* Wallet.storyboard */ = {isa = PBXFileReference; fileEncoding = 4; lastKnownFileType = file.storyboard; path = Wallet.storyboard; sourceTree = "<group>"; };
		FC614E0A25EE70D300286547 /* WalletVC.swift */ = {isa = PBXFileReference; fileEncoding = 4; lastKnownFileType = sourcecode.swift; path = WalletVC.swift; sourceTree = "<group>"; };
		FC614E0C25EE70D300286547 /* Play.storyboard */ = {isa = PBXFileReference; fileEncoding = 4; lastKnownFileType = file.storyboard; path = Play.storyboard; sourceTree = "<group>"; };
		FC614E0D25EE70D300286547 /* PlayVC.swift */ = {isa = PBXFileReference; fileEncoding = 4; lastKnownFileType = sourcecode.swift; path = PlayVC.swift; sourceTree = "<group>"; };
/* End PBXFileReference section */

/* Begin PBXFrameworksBuildPhase section */
		FC614DE325EE6F9F00286547 /* Frameworks */ = {
			isa = PBXFrameworksBuildPhase;
			buildActionMask = 2147483647;
			files = (
			);
			runOnlyForDeploymentPostprocessing = 0;
		};
/* End PBXFrameworksBuildPhase section */

/* Begin PBXGroup section */
		FC614DDD25EE6F9F00286547 = {
			isa = PBXGroup;
			children = (
				FC614DE825EE6F9F00286547 /* KOOEEMessenger */,
				FC614DE725EE6F9F00286547 /* Products */,
			);
			sourceTree = "<group>";
		};
		FC614DE725EE6F9F00286547 /* Products */ = {
			isa = PBXGroup;
			children = (
				FC614DE625EE6F9F00286547 /* KOOEEMessenger.app */,
			);
			name = Products;
			sourceTree = "<group>";
		};
		FC614DE825EE6F9F00286547 /* KOOEEMessenger */ = {
			isa = PBXGroup;
			children = (
				FC614DFE25EE70D300286547 /* Features */,
				FC614DE925EE6F9F00286547 /* AppDelegate.swift */,
				FC614DEB25EE6F9F00286547 /* SceneDelegate.swift */,
				FC614DED25EE6F9F00286547 /* ViewController.swift */,
				FC614DEF25EE6F9F00286547 /* Main.storyboard */,
				FC614DF225EE6FA100286547 /* Assets.xcassets */,
				FC614DF425EE6FA100286547 /* LaunchScreen.storyboard */,
				FC614DF725EE6FA100286547 /* Info.plist */,
			);
			path = KOOEEMessenger;
			sourceTree = "<group>";
		};
		FC614DFE25EE70D300286547 /* Features */ = {
			isa = PBXGroup;
			children = (
				FC614DFF25EE70D300286547 /* Messages */,
				FC614E0225EE70D300286547 /* Contacts */,
				FC614E0525EE70D300286547 /* Add */,
				FC614E0825EE70D300286547 /* Wallet */,
				FC614E0B25EE70D300286547 /* Play */,
			);
			path = Features;
			sourceTree = "<group>";
		};
		FC614DFF25EE70D300286547 /* Messages */ = {
			isa = PBXGroup;
			children = (
				FC614E0025EE70D300286547 /* Messages.storyboard */,
				FC614E0125EE70D300286547 /* MessagesVC.swift */,
			);
			path = Messages;
			sourceTree = "<group>";
		};
		FC614E0225EE70D300286547 /* Contacts */ = {
			isa = PBXGroup;
			children = (
				FC614E0325EE70D300286547 /* ContactsVC.swift */,
				FC614E0425EE70D300286547 /* Contacts.storyboard */,
			);
			path = Contacts;
			sourceTree = "<group>";
		};
		FC614E0525EE70D300286547 /* Add */ = {
			isa = PBXGroup;
			children = (
				FC614E0625EE70D300286547 /* AddVC.swift */,
				FC614E0725EE70D300286547 /* Add.storyboard */,
			);
			path = Add;
			sourceTree = "<group>";
		};
		FC614E0825EE70D300286547 /* Wallet */ = {
			isa = PBXGroup;
			children = (
				FC614E0925EE70D300286547 /* Wallet.storyboard */,
				FC614E0A25EE70D300286547 /* WalletVC.swift */,
			);
			path = Wallet;
			sourceTree = "<group>";
		};
		FC614E0B25EE70D300286547 /* Play */ = {
			isa = PBXGroup;
			children = (
				FC614E0C25EE70D300286547 /* Play.storyboard */,
				FC614E0D25EE70D300286547 /* PlayVC.swift */,
			);
			path = Play;
			sourceTree = "<group>";
		};
/* End PBXGroup section */

/* Begin PBXNativeTarget section */
		FC614DE525EE6F9F00286547 /* KOOEEMessenger */ = {
			isa = PBXNativeTarget;
			buildConfigurationList = FC614DFA25EE6FA100286547 /* Build configuration list for PBXNativeTarget "KOOEEMessenger" */;
			buildPhases = (
				FC614DE225EE6F9F00286547 /* Sources */,
				FC614DE325EE6F9F00286547 /* Frameworks */,
				FC614DE425EE6F9F00286547 /* Resources */,
			);
			buildRules = (
			);
			dependencies = (
			);
			name = KOOEEMessenger;
			productName = KOOEEMessenger;
			productReference = FC614DE625EE6F9F00286547 /* KOOEEMessenger.app */;
			productType = "com.apple.product-type.application";
		};
/* End PBXNativeTarget section */

/* Begin PBXProject section */
		FC614DDE25EE6F9F00286547 /* Project object */ = {
			isa = PBXProject;
			attributes = {
				LastSwiftUpdateCheck = 1240;
				LastUpgradeCheck = 1240;
				TargetAttributes = {
					FC614DE525EE6F9F00286547 = {
						CreatedOnToolsVersion = 12.4;
					};
				};
			};
			buildConfigurationList = FC614DE125EE6F9F00286547 /* Build configuration list for PBXProject "KOOEEMessenger" */;
			compatibilityVersion = "Xcode 9.3";
			developmentRegion = en;
			hasScannedForEncodings = 0;
			knownRegions = (
				en,
				Base,
			);
			mainGroup = FC614DDD25EE6F9F00286547;
			productRefGroup = FC614DE725EE6F9F00286547 /* Products */;
			projectDirPath = "";
			projectRoot = "";
			targets = (
				FC614DE525EE6F9F00286547 /* KOOEEMessenger */,
			);
		};
/* End PBXProject section */

/* Begin PBXResourcesBuildPhase section */
		FC614DE425EE6F9F00286547 /* Resources */ = {
			isa = PBXResourcesBuildPhase;
			buildActionMask = 2147483647;
			files = (
				FC614DF625EE6FA100286547 /* LaunchScreen.storyboard in Resources */,
				FC614E1425EE70D300286547 /* Wallet.storyboard in Resources */,
				FC614DF325EE6FA100286547 /* Assets.xcassets in Resources */,
				FC614E1125EE70D300286547 /* Contacts.storyboard in Resources */,
				FC614E1625EE70D300286547 /* Play.storyboard in Resources */,
				FC614E0E25EE70D300286547 /* Messages.storyboard in Resources */,
				FC614E1325EE70D300286547 /* Add.storyboard in Resources */,
				FC614DF125EE6F9F00286547 /* Main.storyboard in Resources */,
			);
			runOnlyForDeploymentPostprocessing = 0;
		};
/* End PBXResourcesBuildPhase section */

/* Begin PBXSourcesBuildPhase section */
		FC614DE225EE6F9F00286547 /* Sources */ = {
			isa = PBXSourcesBuildPhase;
			buildActionMask = 2147483647;
			files = (
				FC614E1225EE70D300286547 /* AddVC.swift in Sources */,
				FC614E0F25EE70D300286547 /* MessagesVC.swift in Sources */,
				FC614DEE25EE6F9F00286547 /* ViewController.swift in Sources */,
				FC614E1525EE70D300286547 /* WalletVC.swift in Sources */,
				FC614DEA25EE6F9F00286547 /* AppDelegate.swift in Sources */,
				FC614DEC25EE6F9F00286547 /* SceneDelegate.swift in Sources */,
				FC614E1725EE70D300286547 /* PlayVC.swift in Sources */,
				FC614E1025EE70D300286547 /* ContactsVC.swift in Sources */,
			);
			runOnlyForDeploymentPostprocessing = 0;
		};
/* End PBXSourcesBuildPhase section */

/* Begin PBXVariantGroup section */
		FC614DEF25EE6F9F00286547 /* Main.storyboard */ = {
			isa = PBXVariantGroup;
			children = (
				FC614DF025EE6F9F00286547 /* Base */,
			);
			name = Main.storyboard;
			sourceTree = "<group>";
		};
		FC614DF425EE6FA100286547 /* LaunchScreen.storyboard */ = {
			isa = PBXVariantGroup;
			children = (
				FC614DF525EE6FA100286547 /* Base */,
			);
			name = LaunchScreen.storyboard;
			sourceTree = "<group>";
		};
/* End PBXVariantGroup section */

/* Begin XCBuildConfiguration section */
		FC614DF825EE6FA100286547 /* Debug */ = {
			isa = XCBuildConfiguration;
			buildSettings = {
				ALWAYS_SEARCH_USER_PATHS = NO;
				CLANG_ANALYZER_NONNULL = YES;
				CLANG_ANALYZER_NUMBER_OBJECT_CONVERSION = YES_AGGRESSIVE;
				CLANG_CXX_LANGUAGE_STANDARD = "gnu++14";
				CLANG_CXX_LIBRARY = "libc++";
				CLANG_ENABLE_MODULES = YES;
				CLANG_ENABLE_OBJC_ARC = YES;
				CLANG_ENABLE_OBJC_WEAK = YES;
				CLANG_WARN_BLOCK_CAPTURE_AUTORELEASING = YES;
				CLANG_WARN_BOOL_CONVERSION = YES;
				CLANG_WARN_COMMA = YES;
				CLANG_WARN_CONSTANT_CONVERSION = YES;
				CLANG_WARN_DEPRECATED_OBJC_IMPLEMENTATIONS = YES;
				CLANG_WARN_DIRECT_OBJC_ISA_USAGE = YES_ERROR;
				CLANG_WARN_DOCUMENTATION_COMMENTS = YES;
				CLANG_WARN_EMPTY_BODY = YES;
				CLANG_WARN_ENUM_CONVERSION = YES;
				CLANG_WARN_INFINITE_RECURSION = YES;
				CLANG_WARN_INT_CONVERSION = YES;
				CLANG_WARN_NON_LITERAL_NULL_CONVERSION = YES;
				CLANG_WARN_OBJC_IMPLICIT_RETAIN_SELF = YES;
				CLANG_WARN_OBJC_LITERAL_CONVERSION = YES;
				CLANG_WARN_OBJC_ROOT_CLASS = YES_ERROR;
				CLANG_WARN_QUOTED_INCLUDE_IN_FRAMEWORK_HEADER = YES;
				CLANG_WARN_RANGE_LOOP_ANALYSIS = YES;
				CLANG_WARN_STRICT_PROTOTYPES = YES;
				CLANG_WARN_SUSPICIOUS_MOVE = YES;
				CLANG_WARN_UNGUARDED_AVAILABILITY = YES_AGGRESSIVE;
				CLANG_WARN_UNREACHABLE_CODE = YES;
				CLANG_WARN__DUPLICATE_METHOD_MATCH = YES;
				COPY_PHASE_STRIP = NO;
				DEBUG_INFORMATION_FORMAT = dwarf;
				ENABLE_STRICT_OBJC_MSGSEND = YES;
				ENABLE_TESTABILITY = YES;
				GCC_C_LANGUAGE_STANDARD = gnu11;
				GCC_DYNAMIC_NO_PIC = NO;
				GCC_NO_COMMON_BLOCKS = YES;
				GCC_OPTIMIZATION_LEVEL = 0;
				GCC_PREPROCESSOR_DEFINITIONS = (
					"DEBUG=1",
					"$(inherited)",
				);
				GCC_WARN_64_TO_32_BIT_CONVERSION = YES;
				GCC_WARN_ABOUT_RETURN_TYPE = YES_ERROR;
				GCC_WARN_UNDECLARED_SELECTOR = YES;
				GCC_WARN_UNINITIALIZED_AUTOS = YES_AGGRESSIVE;
				GCC_WARN_UNUSED_FUNCTION = YES;
				GCC_WARN_UNUSED_VARIABLE = YES;
				IPHONEOS_DEPLOYMENT_TARGET = 14.4;
				MTL_ENABLE_DEBUG_INFO = INCLUDE_SOURCE;
				MTL_FAST_MATH = YES;
				ONLY_ACTIVE_ARCH = YES;
				SDKROOT = iphoneos;
				SWIFT_ACTIVE_COMPILATION_CONDITIONS = DEBUG;
				SWIFT_OPTIMIZATION_LEVEL = "-Onone";
			};
			name = Debug;
		};
		FC614DF925EE6FA100286547 /* Release */ = {
			isa = XCBuildConfiguration;
			buildSettings = {
				ALWAYS_SEARCH_USER_PATHS = NO;
				CLANG_ANALYZER_NONNULL = YES;
				CLANG_ANALYZER_NUMBER_OBJECT_CONVERSION = YES_AGGRESSIVE;
				CLANG_CXX_LANGUAGE_STANDARD = "gnu++14";
				CLANG_CXX_LIBRARY = "libc++";
				CLANG_ENABLE_MODULES = YES;
				CLANG_ENABLE_OBJC_ARC = YES;
				CLANG_ENABLE_OBJC_WEAK = YES;
				CLANG_WARN_BLOCK_CAPTURE_AUTORELEASING = YES;
				CLANG_WARN_BOOL_CONVERSION = YES;
				CLANG_WARN_COMMA = YES;
				CLANG_WARN_CONSTANT_CONVERSION = YES;
				CLANG_WARN_DEPRECATED_OBJC_IMPLEMENTATIONS = YES;
				CLANG_WARN_DIRECT_OBJC_ISA_USAGE = YES_ERROR;
				CLANG_WARN_DOCUMENTATION_COMMENTS = YES;
				CLANG_WARN_EMPTY_BODY = YES;
				CLANG_WARN_ENUM_CONVERSION = YES;
				CLANG_WARN_INFINITE_RECURSION = YES;
				CLANG_WARN_INT_CONVERSION = YES;
				CLANG_WARN_NON_LITERAL_NULL_CONVERSION = YES;
				CLANG_WARN_OBJC_IMPLICIT_RETAIN_SELF = YES;
				CLANG_WARN_OBJC_LITERAL_CONVERSION = YES;
				CLANG_WARN_OBJC_ROOT_CLASS = YES_ERROR;
				CLANG_WARN_QUOTED_INCLUDE_IN_FRAMEWORK_HEADER = YES;
				CLANG_WARN_RANGE_LOOP_ANALYSIS = YES;
				CLANG_WARN_STRICT_PROTOTYPES = YES;
				CLANG_WARN_SUSPICIOUS_MOVE = YES;
				CLANG_WARN_UNGUARDED_AVAILABILITY = YES_AGGRESSIVE;
				CLANG_WARN_UNREACHABLE_CODE = YES;
				CLANG_WARN__DUPLICATE_METHOD_MATCH = YES;
				COPY_PHASE_STRIP = NO;
				DEBUG_INFORMATION_FORMAT = "dwarf-with-dsym";
				ENABLE_NS_ASSERTIONS = NO;
				ENABLE_STRICT_OBJC_MSGSEND = YES;
				GCC_C_LANGUAGE_STANDARD = gnu11;
				GCC_NO_COMMON_BLOCKS = YES;
				GCC_WARN_64_TO_32_BIT_CONVERSION = YES;
				GCC_WARN_ABOUT_RETURN_TYPE = YES_ERROR;
				GCC_WARN_UNDECLARED_SELECTOR = YES;
				GCC_WARN_UNINITIALIZED_AUTOS = YES_AGGRESSIVE;
				GCC_WARN_UNUSED_FUNCTION = YES;
				GCC_WARN_UNUSED_VARIABLE = YES;
				IPHONEOS_DEPLOYMENT_TARGET = 14.4;
				MTL_ENABLE_DEBUG_INFO = NO;
				MTL_FAST_MATH = YES;
				SDKROOT = iphoneos;
				SWIFT_COMPILATION_MODE = wholemodule;
				SWIFT_OPTIMIZATION_LEVEL = "-O";
				VALIDATE_PRODUCT = YES;
			};
			name = Release;
		};
		FC614DFB25EE6FA100286547 /* Debug */ = {
			isa = XCBuildConfiguration;
			buildSettings = {
				ASSETCATALOG_COMPILER_APPICON_NAME = AppIcon;
				ASSETCATALOG_COMPILER_GLOBAL_ACCENT_COLOR_NAME = AccentColor;
				CODE_SIGN_STYLE = Automatic;
				INFOPLIST_FILE = KOOEEMessenger/Info.plist;
				LD_RUNPATH_SEARCH_PATHS = (
					"$(inherited)",
					"@executable_path/Frameworks",
				);
				PRODUCT_BUNDLE_IDENTIFIER = KOOEE.KOOEEMessenger;
				PRODUCT_NAME = "$(TARGET_NAME)";
				SWIFT_VERSION = 5.0;
				TARGETED_DEVICE_FAMILY = "1,2";
			};
			name = Debug;
		};
		FC614DFC25EE6FA100286547 /* Release */ = {
			isa = XCBuildConfiguration;
			buildSettings = {
				ASSETCATALOG_COMPILER_APPICON_NAME = AppIcon;
				ASSETCATALOG_COMPILER_GLOBAL_ACCENT_COLOR_NAME = AccentColor;
				CODE_SIGN_STYLE = Automatic;
				INFOPLIST_FILE = KOOEEMessenger/Info.plist;
				LD_RUNPATH_SEARCH_PATHS = (
					"$(inherited)",
					"@executable_path/Frameworks",
				);
				PRODUCT_BUNDLE_IDENTIFIER = KOOEE.KOOEEMessenger;
				PRODUCT_NAME = "$(TARGET_NAME)";
				SWIFT_VERSION = 5.0;
				TARGETED_DEVICE_FAMILY = "1,2";
			};
			name = Release;
		};
/* End XCBuildConfiguration section */

/* Begin XCConfigurationList section */
		FC614DE125EE6F9F00286547 /* Build configuration list for PBXProject "KOOEEMessenger" */ = {
			isa = XCConfigurationList;
			buildConfigurations = (
				FC614DF825EE6FA100286547 /* Debug */,
				FC614DF925EE6FA100286547 /* Release */,
			);
			defaultConfigurationIsVisible = 0;
			defaultConfigurationName = Release;
		};
		FC614DFA25EE6FA100286547 /* Build configuration list for PBXNativeTarget "KOOEEMessenger" */ = {
			isa = XCConfigurationList;
			buildConfigurations = (
				FC614DFB25EE6FA100286547 /* Debug */,
				FC614DFC25EE6FA100286547 /* Release */,
			);
			defaultConfigurationIsVisible = 0;
			defaultConfigurationName = Release;
		};
/* End XCConfigurationList section */
	};
	rootObject = FC614DDE25EE6F9F00286547 /* Project object */;
}
